
Microsoft Visual Studio Solution File, Format Version 12.00
# Visual Studio 15
VisualStudioVersion = 15.0.26430.16
MinimumVisualStudioVersion = 10.0.40219.1
Project("{8BC9CEB8-8B4A-11D0-8D11-00A0C91BC942}") = "CIS22B-Final-Group2", "CIS22B-Final-Group2\CIS22B-Final-Group2.vcxproj", "{B1722668-2F55-41BA-A246-35249842587F}"
EndProject
Global
	GlobalSection(SolutionConfigurationPlatforms) = preSolution
		Debug|x64 = Debug|x64
		Debug|x86 = Debug|x86
		Release|x64 = Release|x64
		Release|x86 = Release|x86
	EndGlobalSection
	GlobalSection(ProjectConfigurationPlatforms) = postSolution
		{B1722668-2F55-41BA-A246-35249842587F}.Debug|x64.ActiveCfg = Debug|x64
		{B1722668-2F55-41BA-A246-35249842587F}.Debug|x64.Build.0 = Debug|x64
		{B1722668-2F55-41BA-A246-35249842587F}.Debug|x86.ActiveCfg = Debug|Win32
		{B1722668-2F55-41BA-A246-35249842587F}.Debug|x86.Build.0 = Debug|Win32
		{B1722668-2F55-41BA-A246-35249842587F}.Release|x64.ActiveCfg = Release|x64
		{B1722668-2F55-41BA-A246-35249842587F}.Release|x64.Build.0 = Release|x64
		{B1722668-2F55-41BA-A246-35249842587F}.Release|x86.ActiveCfg = Release|Win32
		{B1722668-2F55-41BA-A246-35249842587F}.Release|x86.Build.0 = Release|Win32
	EndGlobalSection
	GlobalSection(SolutionProperties) = preSolution
		HideSolutionNode = FALSE
	EndGlobalSection
	GlobalSection(ExtensibilityGlobals) = postSolution
		SolutionGuid = {D005A62A-C821-410A-AD5B-F4B4F40926A9}
	EndGlobalSection
EndGlobal
